
Microsoft Visual Studio Solution File, Format Version 12.00
# Visual Studio Version 17
VisualStudioVersion = 17.3.32825.248
MinimumVisualStudioVersion = 10.0.40219.1
Project("{FAE04EC0-301F-11D3-BF4B-00C04F79EFBC}") = "Exec2_star", "Exec2_star\Exec2_star.csproj", "{1949DAA6-7CEF-4FAC-9686-0A2BE1A69AB0}"
EndProject
Project("{FAE04EC0-301F-11D3-BF4B-00C04F79EFBC}") = "WindowsFormsApp06", "..\..\..\Desktop\課堂Demo\20221024_iSpan.selection\20221024_iSpan.Solution\WindowsFormsApp06\WindowsFormsApp06.csproj", "{78D11BD8-DA18-4508-A481-AA20A9341AA1}"
EndProject
Project("{FAE04EC0-301F-11D3-BF4B-00C04F79EFBC}") = "Exec2_Message", "Exec2_Message\Exec2_Message.csproj", "{26FE8AB4-DA43-4614-AE9F-948D8388C0A6}"
EndProject
Project("{FAE04EC0-301F-11D3-BF4B-00C04F79EFBC}") = "Q2", "Q2\Q2.csproj", "{9505CF22-1A41-4244-8D75-F32B2B009125}"
EndProject
Global
	GlobalSection(SolutionConfigurationPlatforms) = preSolution
		Debug|Any CPU = Debug|Any CPU
		Release|Any CPU = Release|Any CPU
	EndGlobalSection
	GlobalSection(ProjectConfigurationPlatforms) = postSolution
		{1949DAA6-7CEF-4FAC-9686-0A2BE1A69AB0}.Debug|Any CPU.ActiveCfg = Debug|Any CPU
		{1949DAA6-7CEF-4FAC-9686-0A2BE1A69AB0}.Debug|Any CPU.Build.0 = Debug|Any CPU
		{1949DAA6-7CEF-4FAC-9686-0A2BE1A69AB0}.Release|Any CPU.ActiveCfg = Release|Any CPU
		{1949DAA6-7CEF-4FAC-9686-0A2BE1A69AB0}.Release|Any CPU.Build.0 = Release|Any CPU
		{78D11BD8-DA18-4508-A481-AA20A9341AA1}.Debug|Any CPU.ActiveCfg = Debug|Any CPU
		{78D11BD8-DA18-4508-A481-AA20A9341AA1}.Debug|Any CPU.Build.0 = Debug|Any CPU
		{78D11BD8-DA18-4508-A481-AA20A9341AA1}.Release|Any CPU.ActiveCfg = Release|Any CPU
		{78D11BD8-DA18-4508-A481-AA20A9341AA1}.Release|Any CPU.Build.0 = Release|Any CPU
		{26FE8AB4-DA43-4614-AE9F-948D8388C0A6}.Debug|Any CPU.ActiveCfg = Debug|Any CPU
		{26FE8AB4-DA43-4614-AE9F-948D8388C0A6}.Debug|Any CPU.Build.0 = Debug|Any CPU
		{26FE8AB4-DA43-4614-AE9F-948D8388C0A6}.Release|Any CPU.ActiveCfg = Release|Any CPU
		{26FE8AB4-DA43-4614-AE9F-948D8388C0A6}.Release|Any CPU.Build.0 = Release|Any CPU
		{9505CF22-1A41-4244-8D75-F32B2B009125}.Debug|Any CPU.ActiveCfg = Debug|Any CPU
		{9505CF22-1A41-4244-8D75-F32B2B009125}.Debug|Any CPU.Build.0 = Debug|Any CPU
		{9505CF22-1A41-4244-8D75-F32B2B009125}.Release|Any CPU.ActiveCfg = Release|Any CPU
		{9505CF22-1A41-4244-8D75-F32B2B009125}.Release|Any CPU.Build.0 = Release|Any CPU
	EndGlobalSection
	GlobalSection(SolutionProperties) = preSolution
		HideSolutionNode = FALSE
	EndGlobalSection
	GlobalSection(ExtensibilityGlobals) = postSolution
		SolutionGuid = {10452ECE-C4E2-4190-A51F-52670E91C600}
	EndGlobalSection
EndGlobal
